# generated by rye
# use `rye lock` or `rye sync` to update this lockfile
#
# last locked with the following flags:
#   pre: false
#   features: []
#   all-features: false
#   with-sources: false
#   generate-hashes: false
#   universal: false

-e file:.
bme280==0.7
    # via wbroker
certifi==2024.2.2
    # via influxdb-client
    # via wbroker
influxdb-client==1.42.0
    # via wbroker
python-dateutil==2.9.0.post0
    # via influxdb-client
    # via wbroker
reactivex==4.0.4
    # via influxdb-client
    # via wbroker
setuptools==74.0.0
    # via influxdb-client
six==1.16.0
    # via python-dateutil
    # via wbroker
smbus==1.1.post2
    # via wbroker
typing-extensions==4.11.0
    # via reactivex
    # via wbroker
urllib3==2.2.2
    # via influxdb-client
