# generated by rye
# use `rye lock` or `rye sync` to update this lockfile
#
# last locked with the following flags:
#   pre: false
#   features: []
#   all-features: false
#   with-sources: false
#   generate-hashes: false
#   universal: false

-e file:.
black==24.8.0
bme280==0.7
    # via wbroker
certifi==2024.2.2
    # via influxdb-client
    # via wbroker
click==8.1.7
    # via black
influxdb-client==1.42.0
    # via wbroker
iniconfig==2.0.0
    # via pytest
mypy==1.11.2
mypy-extensions==1.0.0
    # via black
    # via mypy
packaging==24.1
    # via black
    # via pytest
pathspec==0.12.1
    # via black
platformdirs==4.2.2
    # via black
pluggy==1.5.0
    # via pytest
pytest==8.3.2
python-dateutil==2.9.0.post0
    # via influxdb-client
    # via wbroker
reactivex==4.0.4
    # via influxdb-client
    # via wbroker
ruff==0.5.6
setuptools==74.0.0
    # via influxdb-client
six==1.16.0
    # via python-dateutil
    # via wbroker
smbus==1.1.post2
    # via wbroker
typing-extensions==4.11.0
    # via mypy
    # via reactivex
    # via wbroker
urllib3==2.2.2
    # via influxdb-client
